{
  "version": 4,
  "terraform_version": "0.12.24",
  "serial": 4,
  "lineage": "b962f222-2bbd-8c24-64ad-fc7d1fce3c3f",
  "outputs": {
    "instance_ip": {
      "value": "18.224.40.4",
      "type": "string"
    }
  },
  "resources": [
    {
      "mode": "managed",
      "type": "aws_instance",
      "name": "ec2k8s",
      "provider": "provider.aws",
      "instances": [
        {
          "schema_version": 1,
          "attributes": {
            "ami": "ami-0e45766c39d6d6e73",
            "arn": "arn:aws:ec2:us-east-2:882781150966:instance/i-0e8f6d85b10fff787",
            "associate_public_ip_address": true,
            "availability_zone": "us-east-2c",
            "cpu_core_count": 2,
            "cpu_threads_per_core": 1,
            "credit_specification": [
              {
                "cpu_credits": "standard"
              }
            ],
            "disable_api_termination": false,
            "ebs_block_device": [],
            "ebs_optimized": false,
            "ephemeral_block_device": [],
            "get_password_data": false,
            "hibernation": false,
            "host_id": null,
            "iam_instance_profile": "",
            "id": "i-0e8f6d85b10fff787",
            "instance_initiated_shutdown_behavior": null,
            "instance_state": "running",
            "instance_type": "t2.large",
            "ipv6_address_count": 0,
            "ipv6_addresses": [],
            "key_name": "myssh-key",
            "metadata_options": [
              {
                "http_endpoint": "enabled",
                "http_put_response_hop_limit": 1,
                "http_tokens": "optional"
              }
            ],
            "monitoring": false,
            "network_interface": [],
            "outpost_arn": "",
            "password_data": "",
            "placement_group": "",
            "primary_network_interface_id": "eni-0ddefe000ea0482de",
            "private_dns": "ip-172-31-41-140.us-east-2.compute.internal",
            "private_ip": "172.31.41.140",
            "public_dns": "ec2-18-224-40-4.us-east-2.compute.amazonaws.com",
            "public_ip": "18.224.40.4",
            "root_block_device": [
              {
                "delete_on_termination": true,
                "device_name": "/dev/sda1",
                "encrypted": false,
                "iops": 100,
                "kms_key_id": "",
                "volume_id": "vol-013b88493c984966e",
                "volume_size": 8,
                "volume_type": "gp2"
              }
            ],
            "secondary_private_ips": [],
            "security_groups": [
              "handyhello"
            ],
            "source_dest_check": true,
            "subnet_id": "subnet-48464502",
            "tags": null,
            "tenancy": "default",
            "timeouts": null,
            "user_data": null,
            "user_data_base64": null,
            "volume_tags": {},
            "vpc_security_group_ids": [
              "sg-082edb825332f9d51"
            ]
          },
          "private": "eyJlMmJmYjczMC1lY2FhLTExZTYtOGY4OC0zNDM2M2JjN2M0YzAiOnsiY3JlYXRlIjo2MDAwMDAwMDAwMDAsImRlbGV0ZSI6MTIwMDAwMDAwMDAwMCwidXBkYXRlIjo2MDAwMDAwMDAwMDB9LCJzY2hlbWFfdmVyc2lvbiI6IjEifQ==",
          "dependencies": [
            "aws_key_pair.myssh-key",
            "aws_security_group.handyhello"
          ]
        }
      ]
    },
    {
      "mode": "managed",
      "type": "aws_key_pair",
      "name": "myssh-key",
      "provider": "provider.aws",
      "instances": [
        {
          "schema_version": 1,
          "attributes": {
            "arn": "arn:aws:ec2:us-east-2:882781150966:key-pair/myssh-key",
            "fingerprint": "2b:8a:14:65:71:8d:f9:6b:10:aa:1b:86:c9:c5:d0:36",
            "id": "myssh-key",
            "key_name": "myssh-key",
            "key_name_prefix": null,
            "key_pair_id": "key-0a97cf06f0fc9a80d",
            "public_key": "ssh-rsa AAAAB3NzaC1yc2EAAAADAQABAAABAQCiNNm/0XO9mhmnb7ykrE5cnrSaYgC3JExj9Qq1CpFING+/avY0G0PvJWDiZD0fbHFfYRKlX2YwdEyG7B6Q0506G2yebbH4lF9/6PPCgSZz/ijy4H+OIvZVZMr+vr9/f5/CgVA59dDmqGDiebxTAMXvvbebgYO310jrQmQle8mXfiLCUl9Ofw9nSkgWxop5uQvoD99nNoPR4XqLhBJF/RsttlhQ6+smHhkL++NYTTaaFhwqdN5ORY3DmrQB1QoKc7dxr7qoA8V+khmF54cfAKZvCZ/PtH0Sch7e6wZNSG6Tgz+L2mefWug+C2j4KvAZuHU3NSJ6Oa7EvqBuGPPmB7JZ handytest@oorail",
            "tags": null
          },
          "private": "eyJzY2hlbWFfdmVyc2lvbiI6IjEifQ=="
        }
      ]
    },
    {
      "mode": "managed",
      "type": "aws_security_group",
      "name": "handyhello",
      "provider": "provider.aws",
      "instances": [
        {
          "schema_version": 1,
          "attributes": {
            "arn": "arn:aws:ec2:us-east-2:882781150966:security-group/sg-082edb825332f9d51",
            "description": "admin-security-group",
            "egress": [
              {
                "cidr_blocks": [
                  "0.0.0.0/0"
                ],
                "description": "",
                "from_port": 0,
                "ipv6_cidr_blocks": [],
                "prefix_list_ids": [],
                "protocol": "-1",
                "security_groups": [],
                "self": false,
                "to_port": 0
              }
            ],
            "id": "sg-082edb825332f9d51",
            "ingress": [
              {
                "cidr_blocks": [
                  "0.0.0.0/0"
                ],
                "description": "",
                "from_port": 443,
                "ipv6_cidr_blocks": [],
                "prefix_list_ids": [],
                "protocol": "tcp",
                "security_groups": [],
                "self": false,
                "to_port": 443
              },
              {
                "cidr_blocks": [
                  "0.0.0.0/0"
                ],
                "description": "",
                "from_port": 80,
                "ipv6_cidr_blocks": [],
                "prefix_list_ids": [],
                "protocol": "tcp",
                "security_groups": [],
                "self": false,
                "to_port": 80
              },
              {
                "cidr_blocks": [
                  "24.26.138.185/32"
                ],
                "description": "",
                "from_port": 22,
                "ipv6_cidr_blocks": [],
                "prefix_list_ids": [],
                "protocol": "tcp",
                "security_groups": [],
                "self": false,
                "to_port": 22
              },
              {
                "cidr_blocks": [
                  "24.26.138.185/32"
                ],
                "description": "",
                "from_port": 30000,
                "ipv6_cidr_blocks": [],
                "prefix_list_ids": [],
                "protocol": "tcp",
                "security_groups": [],
                "self": false,
                "to_port": 40000
              },
              {
                "cidr_blocks": [
                  "24.26.138.185/32"
                ],
                "description": "",
                "from_port": 8080,
                "ipv6_cidr_blocks": [],
                "prefix_list_ids": [],
                "protocol": "tcp",
                "security_groups": [],
                "self": false,
                "to_port": 8080
              }
            ],
            "name": "handyhello",
            "name_prefix": "",
            "owner_id": "882781150966",
            "revoke_rules_on_delete": false,
            "tags": null,
            "timeouts": null,
            "vpc_id": "vpc-b38a49da"
          },
          "private": "eyJlMmJmYjczMC1lY2FhLTExZTYtOGY4OC0zNDM2M2JjN2M0YzAiOnsiY3JlYXRlIjo2MDAwMDAwMDAwMDAsImRlbGV0ZSI6NjAwMDAwMDAwMDAwfSwic2NoZW1hX3ZlcnNpb24iOiIxIn0="
        }
      ]
    }
  ]
}
